// !$*UTF8*$!
{
	archiveVersion = 1;
	classes = {
	};
	objectVersion = 54;
	objects = {

/* Begin PBXBuildFile section */
		7924834D23CB7B58003E3D27 /* Assets.xcassets in Resources */ = {isa = PBXBuildFile; fileRef = 7924834C23CB7B58003E3D27 /* Assets.xcassets */; };
		7924835023CB7B58003E3D27 /* LaunchScreen.storyboard in Resources */ = {isa = PBXBuildFile; fileRef = 7924834E23CB7B58003E3D27 /* LaunchScreen.storyboard */; };
		7924836A23CB7BFE003E3D27 /* DatePickerController.swift in Sources */ = {isa = PBXBuildFile; fileRef = 7924836423CB7BFE003E3D27 /* DatePickerController.swift */; };
		7924836B23CB7BFE003E3D27 /* AppDelegate.swift in Sources */ = {isa = PBXBuildFile; fileRef = 7924836523CB7BFE003E3D27 /* AppDelegate.swift */; };
		7924836C23CB7BFE003E3D27 /* CustomCalendarExampleController.swift in Sources */ = {isa = PBXBuildFile; fileRef = 7924836623CB7BFE003E3D27 /* CustomCalendarExampleController.swift */; };
		79EBF686266D4D0900DA9ACA /* CalendarKit in Frameworks */ = {isa = PBXBuildFile; productRef = 79EBF685266D4D0900DA9ACA /* CalendarKit */; };
		A2E3724B2B7E8030003E6CD5 /* CalendarApp_SwiftUIApp.swift in Sources */ = {isa = PBXBuildFile; fileRef = A2E3724A2B7E8030003E6CD5 /* CalendarApp_SwiftUIApp.swift */; };
		A2E3724D2B7E8030003E6CD5 /* ContentView.swift in Sources */ = {isa = PBXBuildFile; fileRef = A2E3724C2B7E8030003E6CD5 /* ContentView.swift */; };
		A2E3724F2B7E8032003E6CD5 /* Assets.xcassets in Resources */ = {isa = PBXBuildFile; fileRef = A2E3724E2B7E8032003E6CD5 /* Assets.xcassets */; };
		A2E372522B7E8032003E6CD5 /* Preview Assets.xcassets in Resources */ = {isa = PBXBuildFile; fileRef = A2E372512B7E8032003E6CD5 /* Preview Assets.xcassets */; };
		A2E372572B7E8090003E6CD5 /* CustomCalendarExampleController.swift in Sources */ = {isa = PBXBuildFile; fileRef = A2E372562B7E8090003E6CD5 /* CustomCalendarExampleController.swift */; };
		A2E372592B7E818A003E6CD5 /* DayViewControllerWrapper.swift in Sources */ = {isa = PBXBuildFile; fileRef = A2E372582B7E818A003E6CD5 /* DayViewControllerWrapper.swift */; };
		A2E3725B2B7E9DA8003E6CD5 /* CalendarKit in Frameworks */ = {isa = PBXBuildFile; productRef = A2E3725A2B7E9DA8003E6CD5 /* CalendarKit */; };
/* End PBXBuildFile section */

/* Begin PBXFileReference section */
		7924834023CB7B57003E3D27 /* CalendarApp.app */ = {isa = PBXFileReference; explicitFileType = wrapper.application; includeInIndex = 0; path = CalendarApp.app; sourceTree = BUILT_PRODUCTS_DIR; };
		7924834C23CB7B58003E3D27 /* Assets.xcassets */ = {isa = PBXFileReference; lastKnownFileType = folder.assetcatalog; path = Assets.xcassets; sourceTree = "<group>"; };
		7924834F23CB7B58003E3D27 /* Base */ = {isa = PBXFileReference; lastKnownFileType = file.storyboard; name = Base; path = Base.lproj/LaunchScreen.storyboard; sourceTree = "<group>"; };
		7924835123CB7B58003E3D27 /* Info.plist */ = {isa = PBXFileReference; lastKnownFileType = text.plist.xml; path = Info.plist; sourceTree = "<group>"; };
		7924836423CB7BFE003E3D27 /* DatePickerController.swift */ = {isa = PBXFileReference; fileEncoding = 4; lastKnownFileType = sourcecode.swift; path = DatePickerController.swift; sourceTree = "<group>"; };
		7924836523CB7BFE003E3D27 /* AppDelegate.swift */ = {isa = PBXFileReference; fileEncoding = 4; lastKnownFileType = sourcecode.swift; path = AppDelegate.swift; sourceTree = "<group>"; };
		7924836623CB7BFE003E3D27 /* CustomCalendarExampleController.swift */ = {isa = PBXFileReference; fileEncoding = 4; indentWidth = 2; lastKnownFileType = sourcecode.swift; path = CustomCalendarExampleController.swift; sourceTree = "<group>"; tabWidth = 2; };
		A223D8E39EB8C7A25F4E823A /* Pods_CalendarApp.framework */ = {isa = PBXFileReference; explicitFileType = wrapper.framework; includeInIndex = 0; path = Pods_CalendarApp.framework; sourceTree = BUILT_PRODUCTS_DIR; };
		A2E372482B7E8030003E6CD5 /* CalendarApp_SwiftUI.app */ = {isa = PBXFileReference; explicitFileType = wrapper.application; includeInIndex = 0; path = CalendarApp_SwiftUI.app; sourceTree = BUILT_PRODUCTS_DIR; };
		A2E3724A2B7E8030003E6CD5 /* CalendarApp_SwiftUIApp.swift */ = {isa = PBXFileReference; lastKnownFileType = sourcecode.swift; path = CalendarApp_SwiftUIApp.swift; sourceTree = "<group>"; };
		A2E3724C2B7E8030003E6CD5 /* ContentView.swift */ = {isa = PBXFileReference; lastKnownFileType = sourcecode.swift; path = ContentView.swift; sourceTree = "<group>"; };
		A2E3724E2B7E8032003E6CD5 /* Assets.xcassets */ = {isa = PBXFileReference; lastKnownFileType = folder.assetcatalog; path = Assets.xcassets; sourceTree = "<group>"; };
		A2E372512B7E8032003E6CD5 /* Preview Assets.xcassets */ = {isa = PBXFileReference; lastKnownFileType = folder.assetcatalog; path = "Preview Assets.xcassets"; sourceTree = "<group>"; };
		A2E372562B7E8090003E6CD5 /* CustomCalendarExampleController.swift */ = {isa = PBXFileReference; fileEncoding = 4; lastKnownFileType = sourcecode.swift; path = CustomCalendarExampleController.swift; sourceTree = "<group>"; };
		A2E372582B7E818A003E6CD5 /* DayViewControllerWrapper.swift */ = {isa = PBXFileReference; fileEncoding = 4; lastKnownFileType = sourcecode.swift; path = DayViewControllerWrapper.swift; sourceTree = "<group>"; };
/* End PBXFileReference section */

/* Begin PBXFrameworksBuildPhase section */
		7924833D23CB7B57003E3D27 /* Frameworks */ = {
			isa = PBXFrameworksBuildPhase;
			buildActionMask = 2147483647;
			files = (
				79EBF686266D4D0900DA9ACA /* CalendarKit in Frameworks */,
			);
			runOnlyForDeploymentPostprocessing = 0;
		};
		A2E372452B7E8030003E6CD5 /* Frameworks */ = {
			isa = PBXFrameworksBuildPhase;
			buildActionMask = 2147483647;
			files = (
				A2E3725B2B7E9DA8003E6CD5 /* CalendarKit in Frameworks */,
			);
			runOnlyForDeploymentPostprocessing = 0;
		};
/* End PBXFrameworksBuildPhase section */

/* Begin PBXGroup section */
		7924833723CB7B57003E3D27 = {
			isa = PBXGroup;
			children = (
				7924834223CB7B57003E3D27 /* CalendarApp */,
				A2E372492B7E8030003E6CD5 /* CalendarApp_SwiftUI */,
				7924834123CB7B57003E3D27 /* Products */,
				D2B9A4777F5DB09BCFA26C1E /* Frameworks */,
			);
			sourceTree = "<group>";
		};
		7924834123CB7B57003E3D27 /* Products */ = {
			isa = PBXGroup;
			children = (
				7924834023CB7B57003E3D27 /* CalendarApp.app */,
				A2E372482B7E8030003E6CD5 /* CalendarApp_SwiftUI.app */,
			);
			name = Products;
			sourceTree = "<group>";
		};
		7924834223CB7B57003E3D27 /* CalendarApp */ = {
			isa = PBXGroup;
			children = (
				7924836523CB7BFE003E3D27 /* AppDelegate.swift */,
				7924836623CB7BFE003E3D27 /* CustomCalendarExampleController.swift */,
				7924836423CB7BFE003E3D27 /* DatePickerController.swift */,
				7924834C23CB7B58003E3D27 /* Assets.xcassets */,
				7924834E23CB7B58003E3D27 /* LaunchScreen.storyboard */,
				7924835123CB7B58003E3D27 /* Info.plist */,
			);
			path = CalendarApp;
			sourceTree = "<group>";
		};
		A2E372492B7E8030003E6CD5 /* CalendarApp_SwiftUI */ = {
			isa = PBXGroup;
			children = (
				A2E372582B7E818A003E6CD5 /* DayViewControllerWrapper.swift */,
				A2E372562B7E8090003E6CD5 /* CustomCalendarExampleController.swift */,
				A2E3724A2B7E8030003E6CD5 /* CalendarApp_SwiftUIApp.swift */,
				A2E3724C2B7E8030003E6CD5 /* ContentView.swift */,
				A2E3724E2B7E8032003E6CD5 /* Assets.xcassets */,
				A2E372502B7E8032003E6CD5 /* Preview Content */,
			);
			path = CalendarApp_SwiftUI;
			sourceTree = "<group>";
		};
		A2E372502B7E8032003E6CD5 /* Preview Content */ = {
			isa = PBXGroup;
			children = (
				A2E372512B7E8032003E6CD5 /* Preview Assets.xcassets */,
			);
			path = "Preview Content";
			sourceTree = "<group>";
		};
		D2B9A4777F5DB09BCFA26C1E /* Frameworks */ = {
			isa = PBXGroup;
			children = (
				A223D8E39EB8C7A25F4E823A /* Pods_CalendarApp.framework */,
			);
			name = Frameworks;
			sourceTree = "<group>";
		};
/* End PBXGroup section */

/* Begin PBXNativeTarget section */
		7924833F23CB7B57003E3D27 /* CalendarApp */ = {
			isa = PBXNativeTarget;
			buildConfigurationList = 7924835423CB7B58003E3D27 /* Build configuration list for PBXNativeTarget "CalendarApp" */;
			buildPhases = (
				7924833C23CB7B57003E3D27 /* Sources */,
				7924833D23CB7B57003E3D27 /* Frameworks */,
				7924833E23CB7B57003E3D27 /* Resources */,
			);
			buildRules = (
			);
			dependencies = (
			);
			name = CalendarApp;
			packageProductDependencies = (
				79EBF685266D4D0900DA9ACA /* CalendarKit */,
			);
			productName = CalendarApp;
			productReference = 7924834023CB7B57003E3D27 /* CalendarApp.app */;
			productType = "com.apple.product-type.application";
		};
		A2E372472B7E8030003E6CD5 /* CalendarApp_SwiftUI */ = {
			isa = PBXNativeTarget;
			buildConfigurationList = A2E372552B7E8032003E6CD5 /* Build configuration list for PBXNativeTarget "CalendarApp_SwiftUI" */;
			buildPhases = (
				A2E372442B7E8030003E6CD5 /* Sources */,
				A2E372452B7E8030003E6CD5 /* Frameworks */,
				A2E372462B7E8030003E6CD5 /* Resources */,
			);
			buildRules = (
			);
			dependencies = (
			);
			name = CalendarApp_SwiftUI;
			packageProductDependencies = (
				A2E3725A2B7E9DA8003E6CD5 /* CalendarKit */,
			);
			productName = CalendarApp_SwiftUI;
			productReference = A2E372482B7E8030003E6CD5 /* CalendarApp_SwiftUI.app */;
			productType = "com.apple.product-type.application";
		};
/* End PBXNativeTarget section */

/* Begin PBXProject section */
		7924833823CB7B57003E3D27 /* Project object */ = {
			isa = PBXProject;
			attributes = {
				BuildIndependentTargetsInParallel = YES;
				LastSwiftUpdateCheck = 1520;
				LastUpgradeCheck = 1520;
				ORGANIZATIONNAME = "Richard Topchii";
				TargetAttributes = {
					7924833F23CB7B57003E3D27 = {
						CreatedOnToolsVersion = 11.3;
						LastSwiftMigration = 1130;
					};
					A2E372472B7E8030003E6CD5 = {
						CreatedOnToolsVersion = 15.2;
					};
				};
			};
			buildConfigurationList = 7924833B23CB7B57003E3D27 /* Build configuration list for PBXProject "CalendarApp" */;
			compatibilityVersion = "Xcode 11.0";
			developmentRegion = en;
			hasScannedForEncodings = 0;
			knownRegions = (
				en,
				Base,
			);
			mainGroup = 7924833723CB7B57003E3D27;
			packageReferences = (
				79EBF684266D4D0900DA9ACA /* XCRemoteSwiftPackageReference "CalendarKit" */,
			);
			productRefGroup = 7924834123CB7B57003E3D27 /* Products */;
			projectDirPath = "";
			projectRoot = "";
			targets = (
				7924833F23CB7B57003E3D27 /* CalendarApp */,
				A2E372472B7E8030003E6CD5 /* CalendarApp_SwiftUI */,
			);
		};
/* End PBXProject section */

/* Begin PBXResourcesBuildPhase section */
		7924833E23CB7B57003E3D27 /* Resources */ = {
			isa = PBXResourcesBuildPhase;
			buildActionMask = 2147483647;
			files = (
				7924835023CB7B58003E3D27 /* LaunchScreen.storyboard in Resources */,
				7924834D23CB7B58003E3D27 /* Assets.xcassets in Resources */,
			);
			runOnlyForDeploymentPostprocessing = 0;
		};
		A2E372462B7E8030003E6CD5 /* Resources */ = {
			isa = PBXResourcesBuildPhase;
			buildActionMask = 2147483647;
			files = (
				A2E372522B7E8032003E6CD5 /* Preview Assets.xcassets in Resources */,
				A2E3724F2B7E8032003E6CD5 /* Assets.xcassets in Resources */,
			);
			runOnlyForDeploymentPostprocessing = 0;
		};
/* End PBXResourcesBuildPhase section */

/* Begin PBXSourcesBuildPhase section */
		7924833C23CB7B57003E3D27 /* Sources */ = {
			isa = PBXSourcesBuildPhase;
			buildActionMask = 2147483647;
			files = (
				7924836B23CB7BFE003E3D27 /* AppDelegate.swift in Sources */,
				7924836C23CB7BFE003E3D27 /* CustomCalendarExampleController.swift in Sources */,
				7924836A23CB7BFE003E3D27 /* DatePickerController.swift in Sources */,
			);
			runOnlyForDeploymentPostprocessing = 0;
		};
		A2E372442B7E8030003E6CD5 /* Sources */ = {
			isa = PBXSourcesBuildPhase;
			buildActionMask = 2147483647;
			files = (
				A2E3724D2B7E8030003E6CD5 /* ContentView.swift in Sources */,
				A2E372572B7E8090003E6CD5 /* CustomCalendarExampleController.swift in Sources */,
				A2E3724B2B7E8030003E6CD5 /* CalendarApp_SwiftUIApp.swift in Sources */,
				A2E372592B7E818A003E6CD5 /* DayViewControllerWrapper.swift in Sources */,
			);
			runOnlyForDeploymentPostprocessing = 0;
		};
/* End PBXSourcesBuildPhase section */

/* Begin PBXVariantGroup section */
		7924834E23CB7B58003E3D27 /* LaunchScreen.storyboard */ = {
			isa = PBXVariantGroup;
			children = (
				7924834F23CB7B58003E3D27 /* Base */,
			);
			name = LaunchScreen.storyboard;
			sourceTree = "<group>";
		};
/* End PBXVariantGroup section */

/* Begin XCBuildConfiguration section */
		7924835223CB7B58003E3D27 /* Debug */ = {
			isa = XCBuildConfiguration;
			buildSettings = {
				ALWAYS_SEARCH_USER_PATHS = NO;
				CLANG_ANALYZER_NONNULL = YES;
				CLANG_ANALYZER_NUMBER_OBJECT_CONVERSION = YES_AGGRESSIVE;
				CLANG_CXX_LANGUAGE_STANDARD = "gnu++14";
				CLANG_CXX_LIBRARY = "libc++";
				CLANG_ENABLE_MODULES = YES;
				CLANG_ENABLE_OBJC_ARC = YES;
				CLANG_ENABLE_OBJC_WEAK = YES;
				CLANG_WARN_BLOCK_CAPTURE_AUTORELEASING = YES;
				CLANG_WARN_BOOL_CONVERSION = YES;
				CLANG_WARN_COMMA = YES;
				CLANG_WARN_CONSTANT_CONVERSION = YES;
				CLANG_WARN_DEPRECATED_OBJC_IMPLEMENTATIONS = YES;
				CLANG_WARN_DIRECT_OBJC_ISA_USAGE = YES_ERROR;
				CLANG_WARN_DOCUMENTATION_COMMENTS = YES;
				CLANG_WARN_EMPTY_BODY = YES;
				CLANG_WARN_ENUM_CONVERSION = YES;
				CLANG_WARN_INFINITE_RECURSION = YES;
				CLANG_WARN_INT_CONVERSION = YES;
				CLANG_WARN_NON_LITERAL_NULL_CONVERSION = YES;
				CLANG_WARN_OBJC_IMPLICIT_RETAIN_SELF = YES;
				CLANG_WARN_OBJC_LITERAL_CONVERSION = YES;
				CLANG_WARN_OBJC_ROOT_CLASS = YES_ERROR;
				CLANG_WARN_QUOTED_INCLUDE_IN_FRAMEWORK_HEADER = YES;
				CLANG_WARN_RANGE_LOOP_ANALYSIS = YES;
				CLANG_WARN_STRICT_PROTOTYPES = YES;
				CLANG_WARN_SUSPICIOUS_MOVE = YES;
				CLANG_WARN_UNGUARDED_AVAILABILITY = YES_AGGRESSIVE;
				CLANG_WARN_UNREACHABLE_CODE = YES;
				CLANG_WARN__DUPLICATE_METHOD_MATCH = YES;
				COPY_PHASE_STRIP = NO;
				DEBUG_INFORMATION_FORMAT = dwarf;
				ENABLE_STRICT_OBJC_MSGSEND = YES;
				ENABLE_TESTABILITY = YES;
				GCC_C_LANGUAGE_STANDARD = gnu11;
				GCC_DYNAMIC_NO_PIC = NO;
				GCC_NO_COMMON_BLOCKS = YES;
				GCC_OPTIMIZATION_LEVEL = 0;
				GCC_PREPROCESSOR_DEFINITIONS = (
					"DEBUG=1",
					"$(inherited)",
				);
				GCC_WARN_64_TO_32_BIT_CONVERSION = YES;
				GCC_WARN_ABOUT_RETURN_TYPE = YES_ERROR;
				GCC_WARN_UNDECLARED_SELECTOR = YES;
				GCC_WARN_UNINITIALIZED_AUTOS = YES_AGGRESSIVE;
				GCC_WARN_UNUSED_FUNCTION = YES;
				GCC_WARN_UNUSED_VARIABLE = YES;
				IPHONEOS_DEPLOYMENT_TARGET = 13.2;
				MTL_ENABLE_DEBUG_INFO = INCLUDE_SOURCE;
				MTL_FAST_MATH = YES;
				ONLY_ACTIVE_ARCH = YES;
				SDKROOT = iphoneos;
				SWIFT_ACTIVE_COMPILATION_CONDITIONS = DEBUG;
				SWIFT_OPTIMIZATION_LEVEL = "-Onone";
			};
			name = Debug;
		};
		7924835323CB7B58003E3D27 /* Release */ = {
			isa = XCBuildConfiguration;
			buildSettings = {
				ALWAYS_SEARCH_USER_PATHS = NO;
				CLANG_ANALYZER_NONNULL = YES;
				CLANG_ANALYZER_NUMBER_OBJECT_CONVERSION = YES_AGGRESSIVE;
				CLANG_CXX_LANGUAGE_STANDARD = "gnu++14";
				CLANG_CXX_LIBRARY = "libc++";
				CLANG_ENABLE_MODULES = YES;
				CLANG_ENABLE_OBJC_ARC = YES;
				CLANG_ENABLE_OBJC_WEAK = YES;
				CLANG_WARN_BLOCK_CAPTURE_AUTORELEASING = YES;
				CLANG_WARN_BOOL_CONVERSION = YES;
				CLANG_WARN_COMMA = YES;
				CLANG_WARN_CONSTANT_CONVERSION = YES;
				CLANG_WARN_DEPRECATED_OBJC_IMPLEMENTATIONS = YES;
				CLANG_WARN_DIRECT_OBJC_ISA_USAGE = YES_ERROR;
				CLANG_WARN_DOCUMENTATION_COMMENTS = YES;
				CLANG_WARN_EMPTY_BODY = YES;
				CLANG_WARN_ENUM_CONVERSION = YES;
				CLANG_WARN_INFINITE_RECURSION = YES;
				CLANG_WARN_INT_CONVERSION = YES;
				CLANG_WARN_NON_LITERAL_NULL_CONVERSION = YES;
				CLANG_WARN_OBJC_IMPLICIT_RETAIN_SELF = YES;
				CLANG_WARN_OBJC_LITERAL_CONVERSION = YES;
				CLANG_WARN_OBJC_ROOT_CLASS = YES_ERROR;
				CLANG_WARN_QUOTED_INCLUDE_IN_FRAMEWORK_HEADER = YES;
				CLANG_WARN_RANGE_LOOP_ANALYSIS = YES;
				CLANG_WARN_STRICT_PROTOTYPES = YES;
				CLANG_WARN_SUSPICIOUS_MOVE = YES;
				CLANG_WARN_UNGUARDED_AVAILABILITY = YES_AGGRESSIVE;
				CLANG_WARN_UNREACHABLE_CODE = YES;
				CLANG_WARN__DUPLICATE_METHOD_MATCH = YES;
				COPY_PHASE_STRIP = NO;
				DEBUG_INFORMATION_FORMAT = "dwarf-with-dsym";
				ENABLE_NS_ASSERTIONS = NO;
				ENABLE_STRICT_OBJC_MSGSEND = YES;
				GCC_C_LANGUAGE_STANDARD = gnu11;
				GCC_NO_COMMON_BLOCKS = YES;
				GCC_WARN_64_TO_32_BIT_CONVERSION = YES;
				GCC_WARN_ABOUT_RETURN_TYPE = YES_ERROR;
				GCC_WARN_UNDECLARED_SELECTOR = YES;
				GCC_WARN_UNINITIALIZED_AUTOS = YES_AGGRESSIVE;
				GCC_WARN_UNUSED_FUNCTION = YES;
				GCC_WARN_UNUSED_VARIABLE = YES;
				IPHONEOS_DEPLOYMENT_TARGET = 13.2;
				MTL_ENABLE_DEBUG_INFO = NO;
				MTL_FAST_MATH = YES;
				SDKROOT = iphoneos;
				SWIFT_COMPILATION_MODE = wholemodule;
				SWIFT_OPTIMIZATION_LEVEL = "-O";
				VALIDATE_PRODUCT = YES;
			};
			name = Release;
		};
		7924835523CB7B58003E3D27 /* Debug */ = {
			isa = XCBuildConfiguration;
			buildSettings = {
				ASSETCATALOG_COMPILER_APPICON_NAME = AppIcon;
				CLANG_ENABLE_MODULES = YES;
				CODE_SIGN_STYLE = Automatic;
				INFOPLIST_FILE = CalendarApp/Info.plist;
				IPHONEOS_DEPLOYMENT_TARGET = 12.0;
				LD_RUNPATH_SEARCH_PATHS = (
					"$(inherited)",
					"@executable_path/Frameworks",
				);
				PRODUCT_BUNDLE_IDENTIFIER = github.richardtop.CalendarApp;
				PRODUCT_NAME = "$(TARGET_NAME)";
				SWIFT_OPTIMIZATION_LEVEL = "-Onone";
				SWIFT_VERSION = 5.0;
				TARGETED_DEVICE_FAMILY = "1,2";
			};
			name = Debug;
		};
		7924835623CB7B58003E3D27 /* Release */ = {
			isa = XCBuildConfiguration;
			buildSettings = {
				ASSETCATALOG_COMPILER_APPICON_NAME = AppIcon;
				CLANG_ENABLE_MODULES = YES;
				CODE_SIGN_STYLE = Automatic;
				INFOPLIST_FILE = CalendarApp/Info.plist;
				IPHONEOS_DEPLOYMENT_TARGET = 12.0;
				LD_RUNPATH_SEARCH_PATHS = (
					"$(inherited)",
					"@executable_path/Frameworks",
				);
				PRODUCT_BUNDLE_IDENTIFIER = github.richardtop.CalendarApp;
				PRODUCT_NAME = "$(TARGET_NAME)";
				SWIFT_VERSION = 5.0;
				TARGETED_DEVICE_FAMILY = "1,2";
			};
			name = Release;
		};
		A2E372532B7E8032003E6CD5 /* Debug */ = {
			isa = XCBuildConfiguration;
			buildSettings = {
				ASSETCATALOG_COMPILER_APPICON_NAME = AppIcon;
				ASSETCATALOG_COMPILER_GENERATE_SWIFT_ASSET_SYMBOL_EXTENSIONS = YES;
				ASSETCATALOG_COMPILER_GLOBAL_ACCENT_COLOR_NAME = AccentColor;
				CLANG_CXX_LANGUAGE_STANDARD = "gnu++20";
				CODE_SIGN_STYLE = Automatic;
				CURRENT_PROJECT_VERSION = 1;
				DEVELOPMENT_ASSET_PATHS = "\"CalendarApp_SwiftUI/Preview Content\"";
				ENABLE_PREVIEWS = YES;
				ENABLE_USER_SCRIPT_SANDBOXING = YES;
				GCC_C_LANGUAGE_STANDARD = gnu17;
				GENERATE_INFOPLIST_FILE = YES;
				INFOPLIST_KEY_UIApplicationSceneManifest_Generation = YES;
				INFOPLIST_KEY_UIApplicationSupportsIndirectInputEvents = YES;
				INFOPLIST_KEY_UILaunchScreen_Generation = YES;
				INFOPLIST_KEY_UISupportedInterfaceOrientations_iPad = "UIInterfaceOrientationPortrait UIInterfaceOrientationPortraitUpsideDown UIInterfaceOrientationLandscapeLeft UIInterfaceOrientationLandscapeRight";
				INFOPLIST_KEY_UISupportedInterfaceOrientations_iPhone = "UIInterfaceOrientationPortrait UIInterfaceOrientationLandscapeLeft UIInterfaceOrientationLandscapeRight";
				IPHONEOS_DEPLOYMENT_TARGET = 14.0;
				LD_RUNPATH_SEARCH_PATHS = (
					"$(inherited)",
					"@executable_path/Frameworks",
				);
				LOCALIZATION_PREFERS_STRING_CATALOGS = YES;
				MARKETING_VERSION = 1.0;
				PRODUCT_BUNDLE_IDENTIFIER = "github.richardtop.CalendarApp-SwiftUI";
				PRODUCT_NAME = "$(TARGET_NAME)";
				SWIFT_ACTIVE_COMPILATION_CONDITIONS = "DEBUG $(inherited)";
				SWIFT_EMIT_LOC_STRINGS = YES;
				SWIFT_VERSION = 5.0;
				TARGETED_DEVICE_FAMILY = "1,2";
			};
			name = Debug;
		};
		A2E372542B7E8032003E6CD5 /* Release */ = {
			isa = XCBuildConfiguration;
			buildSettings = {
				ASSETCATALOG_COMPILER_APPICON_NAME = AppIcon;
				ASSETCATALOG_COMPILER_GENERATE_SWIFT_ASSET_SYMBOL_EXTENSIONS = YES;
				ASSETCATALOG_COMPILER_GLOBAL_ACCENT_COLOR_NAME = AccentColor;
				CLANG_CXX_LANGUAGE_STANDARD = "gnu++20";
				CODE_SIGN_STYLE = Automatic;
				CURRENT_PROJECT_VERSION = 1;
				DEVELOPMENT_ASSET_PATHS = "\"CalendarApp_SwiftUI/Preview Content\"";
				ENABLE_PREVIEWS = YES;
				ENABLE_USER_SCRIPT_SANDBOXING = YES;
				GCC_C_LANGUAGE_STANDARD = gnu17;
				GENERATE_INFOPLIST_FILE = YES;
				INFOPLIST_KEY_UIApplicationSceneManifest_Generation = YES;
				INFOPLIST_KEY_UIApplicationSupportsIndirectInputEvents = YES;
				INFOPLIST_KEY_UILaunchScreen_Generation = YES;
				INFOPLIST_KEY_UISupportedInterfaceOrientations_iPad = "UIInterfaceOrientationPortrait UIInterfaceOrientationPortraitUpsideDown UIInterfaceOrientationLandscapeLeft UIInterfaceOrientationLandscapeRight";
				INFOPLIST_KEY_UISupportedInterfaceOrientations_iPhone = "UIInterfaceOrientationPortrait UIInterfaceOrientationLandscapeLeft UIInterfaceOrientationLandscapeRight";
				IPHONEOS_DEPLOYMENT_TARGET = 14.0;
				LD_RUNPATH_SEARCH_PATHS = (
					"$(inherited)",
					"@executable_path/Frameworks",
				);
				LOCALIZATION_PREFERS_STRING_CATALOGS = YES;
				MARKETING_VERSION = 1.0;
				PRODUCT_BUNDLE_IDENTIFIER = "github.richardtop.CalendarApp-SwiftUI";
				PRODUCT_NAME = "$(TARGET_NAME)";
				SWIFT_EMIT_LOC_STRINGS = YES;
				SWIFT_VERSION = 5.0;
				TARGETED_DEVICE_FAMILY = "1,2";
			};
			name = Release;
		};
/* End XCBuildConfiguration section */

/* Begin XCConfigurationList section */
		7924833B23CB7B57003E3D27 /* Build configuration list for PBXProject "CalendarApp" */ = {
			isa = XCConfigurationList;
			buildConfigurations = (
				7924835223CB7B58003E3D27 /* Debug */,
				7924835323CB7B58003E3D27 /* Release */,
			);
			defaultConfigurationIsVisible = 0;
			defaultConfigurationName = Release;
		};
		7924835423CB7B58003E3D27 /* Build configuration list for PBXNativeTarget "CalendarApp" */ = {
			isa = XCConfigurationList;
			buildConfigurations = (
				7924835523CB7B58003E3D27 /* Debug */,
				7924835623CB7B58003E3D27 /* Release */,
			);
			defaultConfigurationIsVisible = 0;
			defaultConfigurationName = Release;
		};
		A2E372552B7E8032003E6CD5 /* Build configuration list for PBXNativeTarget "CalendarApp_SwiftUI" */ = {
			isa = XCConfigurationList;
			buildConfigurations = (
				A2E372532B7E8032003E6CD5 /* Debug */,
				A2E372542B7E8032003E6CD5 /* Release */,
			);
			defaultConfigurationIsVisible = 0;
			defaultConfigurationName = Release;
		};
/* End XCConfigurationList section */

/* Begin XCRemoteSwiftPackageReference section */
		79EBF684266D4D0900DA9ACA /* XCRemoteSwiftPackageReference "CalendarKit" */ = {
			isa = XCRemoteSwiftPackageReference;
			repositoryURL = "https://github.com/richardtop/CalendarKit.git";
			requirement = {
				kind = upToNextMinorVersion;
				minimumVersion = 1.1.0;
			};
		};
/* End XCRemoteSwiftPackageReference section */

/* Begin XCSwiftPackageProductDependency section */
		79EBF685266D4D0900DA9ACA /* CalendarKit */ = {
			isa = XCSwiftPackageProductDependency;
			package = 79EBF684266D4D0900DA9ACA /* XCRemoteSwiftPackageReference "CalendarKit" */;
			productName = CalendarKit;
		};
		A2E3725A2B7E9DA8003E6CD5 /* CalendarKit */ = {
			isa = XCSwiftPackageProductDependency;
			package = 79EBF684266D4D0900DA9ACA /* XCRemoteSwiftPackageReference "CalendarKit" */;
			productName = CalendarKit;
		};
/* End XCSwiftPackageProductDependency section */
	};
	rootObject = 7924833823CB7B57003E3D27 /* Project object */;
}
